# Generated by pub
# See https://dart.dev/tools/pub/glossary#lockfile
packages:
  chitragupta_local_ipc:
    dependency: "direct main"
    description:
      path: "../packages/local_ipc"
      relative: true
    source: path
    version: "0.1.0"
  ffi:
    dependency: transitive
    description:
      name: ffi
      sha256: "6d7fd89431262d8f3125e81b50d3847a091d846eafcd4fdb88dd06f36d705a45"
      url: "https://pub.dev"
    source: hosted
    version: "2.2.0"
  win32:
    dependency: transitive
    description:
      name: win32
      sha256: d7cb55e04cd34096cd3a79b3330245f54cb96a370a1c27adb3c84b917de8b08e
      url: "https://pub.dev"
    source: hosted
    version: "5.15.0"
sdks:
  dart: ">=3.9.0 <4.0.0"
